
Microsoft Visual Studio Solution File, Format Version 12.00
# Visual Studio Version 17
VisualStudioVersion = 17.13.35825.156 d17.13
MinimumVisualStudioVersion = 10.0.40219.1
Project("{8BC9CEB8-8B4A-11D0-8D11-00A0C91BC942}") = "ConsoleGameProject", "ConsoleGameProject\ConsoleGameProject.vcxproj", "{F0547568-3E9A-4EA2-A9C6-2E3F791EECFF}"
EndProject
Global
	GlobalSection(SolutionConfigurationPlatforms) = preSolution
		Debug|x64 = Debug|x64
		Debug|x86 = Debug|x86
		Release|x64 = Release|x64
		Release|x86 = Release|x86
	EndGlobalSection
	GlobalSection(ProjectConfigurationPlatforms) = postSolution
		{F0547568-3E9A-4EA2-A9C6-2E3F791EECFF}.Debug|x64.ActiveCfg = Debug|x64
		{F0547568-3E9A-4EA2-A9C6-2E3F791EECFF}.Debug|x64.Build.0 = Debug|x64
		{F0547568-3E9A-4EA2-A9C6-2E3F791EECFF}.Debug|x86.ActiveCfg = Debug|Win32
		{F0547568-3E9A-4EA2-A9C6-2E3F791EECFF}.Debug|x86.Build.0 = Debug|Win32
		{F0547568-3E9A-4EA2-A9C6-2E3F791EECFF}.Release|x64.ActiveCfg = Release|x64
		{F0547568-3E9A-4EA2-A9C6-2E3F791EECFF}.Release|x64.Build.0 = Release|x64
		{F0547568-3E9A-4EA2-A9C6-2E3F791EECFF}.Release|x86.ActiveCfg = Release|Win32
		{F0547568-3E9A-4EA2-A9C6-2E3F791EECFF}.Release|x86.Build.0 = Release|Win32
	EndGlobalSection
	GlobalSection(SolutionProperties) = preSolution
		HideSolutionNode = FALSE
	EndGlobalSection
	GlobalSection(ExtensibilityGlobals) = postSolution
		SolutionGuid = {0B74787A-1D5B-4B19-823C-73C34E8632C7}
	EndGlobalSection
EndGlobal
